
Microsoft Visual Studio Solution File, Format Version 10.00
# Visual Studio 2008
Project("{FAE04EC0-301F-11D3-BF4B-00C04F79EFBC}") = "POLLaunch", "POLLaunch\POLLaunch.csproj", "{FF207B3B-C063-46FA-8043-66FC4B9D8508}"
EndProject
Global
	GlobalSection(SolutionConfigurationPlatforms) = preSolution
		Debug|Any CPU = Debug|Any CPU
		Release|Any CPU = Release|Any CPU
	EndGlobalSection
	GlobalSection(ProjectConfigurationPlatforms) = postSolution
		{FF207B3B-C063-46FA-8043-66FC4B9D8508}.Debug|Any CPU.ActiveCfg = Debug|Any CPU
		{FF207B3B-C063-46FA-8043-66FC4B9D8508}.Debug|Any CPU.Build.0 = Debug|Any CPU
		{FF207B3B-C063-46FA-8043-66FC4B9D8508}.Release|Any CPU.ActiveCfg = Release|Any CPU
		{FF207B3B-C063-46FA-8043-66FC4B9D8508}.Release|Any CPU.Build.0 = Release|Any CPU
	EndGlobalSection
	GlobalSection(SolutionProperties) = preSolution
		HideSolutionNode = FALSE
	EndGlobalSection
EndGlobal
