
Microsoft Visual Studio Solution File, Format Version 10.00
# Visual C# Express 2008
Project("{FAE04EC0-301F-11D3-BF4B-00C04F79EFBC}") = "LoginServer", "LoginServer.csproj", "{83DD45BE-A3E4-4F59-BC7D-3F3CEBC90A94}"
EndProject
Global
	GlobalSection(SolutionConfigurationPlatforms) = preSolution
		Debug|Any CPU = Debug|Any CPU
		Release|Any CPU = Release|Any CPU
	EndGlobalSection
	GlobalSection(ProjectConfigurationPlatforms) = postSolution
		{83DD45BE-A3E4-4F59-BC7D-3F3CEBC90A94}.Debug|Any CPU.ActiveCfg = Debug|Any CPU
		{83DD45BE-A3E4-4F59-BC7D-3F3CEBC90A94}.Debug|Any CPU.Build.0 = Debug|Any CPU
		{83DD45BE-A3E4-4F59-BC7D-3F3CEBC90A94}.Release|Any CPU.ActiveCfg = Release|Any CPU
		{83DD45BE-A3E4-4F59-BC7D-3F3CEBC90A94}.Release|Any CPU.Build.0 = Release|Any CPU
	EndGlobalSection
	GlobalSection(SolutionProperties) = preSolution
		HideSolutionNode = FALSE
	EndGlobalSection
EndGlobal
