
Microsoft Visual Studio Solution File, Format Version 10.00
# Visual Studio 2008
Project("{FAE04EC0-301F-11D3-BF4B-00C04F79EFBC}") = "Ultima", "Ultima\Ultima.csproj", "{E08CFBE4-E013-44EE-8829-426D05BC083F}"
EndProject
Project("{FAE04EC0-301F-11D3-BF4B-00C04F79EFBC}") = "Controls", "Controls\Controls.csproj", "{BBF3C337-3D0E-484D-8C59-BA8296C5897C}"
EndProject
Project("{FAE04EC0-301F-11D3-BF4B-00C04F79EFBC}") = "UoFiddler", "UoFiddler\UoFiddler.csproj", "{693F2BBC-7856-4751-9FAD-B06FABAAEE53}"
EndProject
Project("{FAE04EC0-301F-11D3-BF4B-00C04F79EFBC}") = "FiddlerPlugin", "FiddlerPlugin\FiddlerPlugin.csproj", "{E22921FF-9EC8-4DEB-A4C1-CE67315F465E}"
EndProject
Project("{FAE04EC0-301F-11D3-BF4B-00C04F79EFBC}") = "SendItem", "SendItem\SendItem.csproj", "{AF2D75B8-C71A-4582-AADF-B8CD9789427C}"
EndProject
Global
	GlobalSection(SolutionConfigurationPlatforms) = preSolution
		Debug|Any CPU = Debug|Any CPU
		Debug|x64 = Debug|x64
		Debug|x86 = Debug|x86
		Release|Any CPU = Release|Any CPU
		Release|x64 = Release|x64
		Release|x86 = Release|x86
	EndGlobalSection
	GlobalSection(ProjectConfigurationPlatforms) = postSolution
		{E08CFBE4-E013-44EE-8829-426D05BC083F}.Debug|Any CPU.ActiveCfg = Debug|Any CPU
		{E08CFBE4-E013-44EE-8829-426D05BC083F}.Debug|Any CPU.Build.0 = Debug|Any CPU
		{E08CFBE4-E013-44EE-8829-426D05BC083F}.Debug|x64.ActiveCfg = Debug|x64
		{E08CFBE4-E013-44EE-8829-426D05BC083F}.Debug|x64.Build.0 = Debug|x64
		{E08CFBE4-E013-44EE-8829-426D05BC083F}.Debug|x86.ActiveCfg = Debug|x86
		{E08CFBE4-E013-44EE-8829-426D05BC083F}.Debug|x86.Build.0 = Debug|x86
		{E08CFBE4-E013-44EE-8829-426D05BC083F}.Release|Any CPU.ActiveCfg = Release|Any CPU
		{E08CFBE4-E013-44EE-8829-426D05BC083F}.Release|Any CPU.Build.0 = Release|Any CPU
		{E08CFBE4-E013-44EE-8829-426D05BC083F}.Release|x64.ActiveCfg = Release|x64
		{E08CFBE4-E013-44EE-8829-426D05BC083F}.Release|x64.Build.0 = Release|x64
		{E08CFBE4-E013-44EE-8829-426D05BC083F}.Release|x86.ActiveCfg = Release|x86
		{E08CFBE4-E013-44EE-8829-426D05BC083F}.Release|x86.Build.0 = Release|x86
		{BBF3C337-3D0E-484D-8C59-BA8296C5897C}.Debug|Any CPU.ActiveCfg = Debug|Any CPU
		{BBF3C337-3D0E-484D-8C59-BA8296C5897C}.Debug|Any CPU.Build.0 = Debug|Any CPU
		{BBF3C337-3D0E-484D-8C59-BA8296C5897C}.Debug|x64.ActiveCfg = Debug|Any CPU
		{BBF3C337-3D0E-484D-8C59-BA8296C5897C}.Debug|x86.ActiveCfg = Debug|Any CPU
		{BBF3C337-3D0E-484D-8C59-BA8296C5897C}.Release|Any CPU.ActiveCfg = Release|Any CPU
		{BBF3C337-3D0E-484D-8C59-BA8296C5897C}.Release|Any CPU.Build.0 = Release|Any CPU
		{BBF3C337-3D0E-484D-8C59-BA8296C5897C}.Release|x64.ActiveCfg = Release|x64
		{BBF3C337-3D0E-484D-8C59-BA8296C5897C}.Release|x64.Build.0 = Release|x64
		{BBF3C337-3D0E-484D-8C59-BA8296C5897C}.Release|x86.ActiveCfg = Release|x86
		{BBF3C337-3D0E-484D-8C59-BA8296C5897C}.Release|x86.Build.0 = Release|x86
		{693F2BBC-7856-4751-9FAD-B06FABAAEE53}.Debug|Any CPU.ActiveCfg = Debug|Any CPU
		{693F2BBC-7856-4751-9FAD-B06FABAAEE53}.Debug|Any CPU.Build.0 = Debug|Any CPU
		{693F2BBC-7856-4751-9FAD-B06FABAAEE53}.Debug|x64.ActiveCfg = Debug|x64
		{693F2BBC-7856-4751-9FAD-B06FABAAEE53}.Debug|x64.Build.0 = Debug|x64
		{693F2BBC-7856-4751-9FAD-B06FABAAEE53}.Debug|x86.ActiveCfg = Debug|x86
		{693F2BBC-7856-4751-9FAD-B06FABAAEE53}.Debug|x86.Build.0 = Debug|x86
		{693F2BBC-7856-4751-9FAD-B06FABAAEE53}.Release|Any CPU.ActiveCfg = Release|Any CPU
		{693F2BBC-7856-4751-9FAD-B06FABAAEE53}.Release|Any CPU.Build.0 = Release|Any CPU
		{693F2BBC-7856-4751-9FAD-B06FABAAEE53}.Release|x64.ActiveCfg = Release|x64
		{693F2BBC-7856-4751-9FAD-B06FABAAEE53}.Release|x64.Build.0 = Release|x64
		{693F2BBC-7856-4751-9FAD-B06FABAAEE53}.Release|x86.ActiveCfg = Release|x86
		{693F2BBC-7856-4751-9FAD-B06FABAAEE53}.Release|x86.Build.0 = Release|x86
		{E22921FF-9EC8-4DEB-A4C1-CE67315F465E}.Debug|Any CPU.ActiveCfg = Debug|Any CPU
		{E22921FF-9EC8-4DEB-A4C1-CE67315F465E}.Debug|Any CPU.Build.0 = Debug|Any CPU
		{E22921FF-9EC8-4DEB-A4C1-CE67315F465E}.Debug|x64.ActiveCfg = Debug|Any CPU
		{E22921FF-9EC8-4DEB-A4C1-CE67315F465E}.Debug|x86.ActiveCfg = Debug|Any CPU
		{E22921FF-9EC8-4DEB-A4C1-CE67315F465E}.Release|Any CPU.ActiveCfg = Release|Any CPU
		{E22921FF-9EC8-4DEB-A4C1-CE67315F465E}.Release|Any CPU.Build.0 = Release|Any CPU
		{E22921FF-9EC8-4DEB-A4C1-CE67315F465E}.Release|x64.ActiveCfg = Release|x64
		{E22921FF-9EC8-4DEB-A4C1-CE67315F465E}.Release|x64.Build.0 = Release|x64
		{E22921FF-9EC8-4DEB-A4C1-CE67315F465E}.Release|x86.ActiveCfg = Release|x86
		{E22921FF-9EC8-4DEB-A4C1-CE67315F465E}.Release|x86.Build.0 = Release|x86
		{AF2D75B8-C71A-4582-AADF-B8CD9789427C}.Debug|Any CPU.ActiveCfg = Debug|Any CPU
		{AF2D75B8-C71A-4582-AADF-B8CD9789427C}.Debug|Any CPU.Build.0 = Debug|Any CPU
		{AF2D75B8-C71A-4582-AADF-B8CD9789427C}.Debug|x64.ActiveCfg = Debug|Any CPU
		{AF2D75B8-C71A-4582-AADF-B8CD9789427C}.Debug|x86.ActiveCfg = Debug|Any CPU
		{AF2D75B8-C71A-4582-AADF-B8CD9789427C}.Release|Any CPU.ActiveCfg = Release|Any CPU
		{AF2D75B8-C71A-4582-AADF-B8CD9789427C}.Release|Any CPU.Build.0 = Release|Any CPU
		{AF2D75B8-C71A-4582-AADF-B8CD9789427C}.Release|x64.ActiveCfg = Release|x64
		{AF2D75B8-C71A-4582-AADF-B8CD9789427C}.Release|x64.Build.0 = Release|x64
		{AF2D75B8-C71A-4582-AADF-B8CD9789427C}.Release|x86.ActiveCfg = Release|x86
		{AF2D75B8-C71A-4582-AADF-B8CD9789427C}.Release|x86.Build.0 = Release|x86
	EndGlobalSection
	GlobalSection(SolutionProperties) = preSolution
		HideSolutionNode = FALSE
	EndGlobalSection
EndGlobal
