
Microsoft Visual Studio Solution File, Format Version 10.00
# Visual C# Express 2008
Project("{FAE04EC0-301F-11D3-BF4B-00C04F79EFBC}") = "POLUtils", "POLUtils\POLUtils.csproj", "{D98B0A50-91F4-4943-AB57-C5D13249B986}"
EndProject
Project("{FAE04EC0-301F-11D3-BF4B-00C04F79EFBC}") = "AuxSvcTestClient", "POLUtils\AuxSvcTestClient\AuxSvcTestClient.csproj", "{2D7C18CB-3CA0-49E6-8AD2-96B3052D73D3}"
	ProjectSection(ProjectDependencies) = postProject
		{D98B0A50-91F4-4943-AB57-C5D13249B986} = {D98B0A50-91F4-4943-AB57-C5D13249B986}
	EndProjectSection
EndProject
Global
	GlobalSection(SolutionConfigurationPlatforms) = preSolution
		Debug|Any CPU = Debug|Any CPU
		Release|Any CPU = Release|Any CPU
	EndGlobalSection
	GlobalSection(ProjectConfigurationPlatforms) = postSolution
		{D98B0A50-91F4-4943-AB57-C5D13249B986}.Debug|Any CPU.ActiveCfg = Debug|Any CPU
		{D98B0A50-91F4-4943-AB57-C5D13249B986}.Debug|Any CPU.Build.0 = Debug|Any CPU
		{D98B0A50-91F4-4943-AB57-C5D13249B986}.Release|Any CPU.ActiveCfg = Release|Any CPU
		{D98B0A50-91F4-4943-AB57-C5D13249B986}.Release|Any CPU.Build.0 = Release|Any CPU
		{2D7C18CB-3CA0-49E6-8AD2-96B3052D73D3}.Debug|Any CPU.ActiveCfg = Debug|Any CPU
		{2D7C18CB-3CA0-49E6-8AD2-96B3052D73D3}.Debug|Any CPU.Build.0 = Debug|Any CPU
		{2D7C18CB-3CA0-49E6-8AD2-96B3052D73D3}.Release|Any CPU.ActiveCfg = Release|Any CPU
		{2D7C18CB-3CA0-49E6-8AD2-96B3052D73D3}.Release|Any CPU.Build.0 = Release|Any CPU
	EndGlobalSection
	GlobalSection(SolutionProperties) = preSolution
		HideSolutionNode = FALSE
	EndGlobalSection
EndGlobal
